// !$*UTF8*$!
{
	archiveVersion = 1;
	classes = {
	};
	objectVersion = 56;
	objects = {

/* Begin PBXBuildFile section */
		DAAF38092C64E7BE008F33F1 /* AppDelegate.swift in Sources */ = {isa = PBXBuildFile; fileRef = DAAF38082C64E7BE008F33F1 /* AppDelegate.swift */; };
		DAAF380B2C64E7BE008F33F1 /* SceneDelegate.swift in Sources */ = {isa = PBXBuildFile; fileRef = DAAF380A2C64E7BE008F33F1 /* SceneDelegate.swift */; };
		DAAF380D2C64E7BE008F33F1 /* HomeViewController.swift in Sources */ = {isa = PBXBuildFile; fileRef = DAAF380C2C64E7BE008F33F1 /* HomeViewController.swift */; };
		DAAF38122C64E7BF008F33F1 /* Assets.xcassets in Resources */ = {isa = PBXBuildFile; fileRef = DAAF38112C64E7BF008F33F1 /* Assets.xcassets */; };
		DAAF38152C64E7BF008F33F1 /* Base in Resources */ = {isa = PBXBuildFile; fileRef = DAAF38142C64E7BF008F33F1 /* Base */; };
		DAAF381D2C64FA91008F33F1 /* MainTabBarController.swift in Sources */ = {isa = PBXBuildFile; fileRef = DAAF381C2C64FA91008F33F1 /* MainTabBarController.swift */; };
		DAAF381F2C64FC1E008F33F1 /* AddFlightViewController.swift in Sources */ = {isa = PBXBuildFile; fileRef = DAAF381E2C64FC1E008F33F1 /* AddFlightViewController.swift */; };
		DAAF38212C64FCA6008F33F1 /* HistoryViewController.swift in Sources */ = {isa = PBXBuildFile; fileRef = DAAF38202C64FCA6008F33F1 /* HistoryViewController.swift */; };
		DAAF38262C650B00008F33F1 /* UIColor+Extensions.swift in Sources */ = {isa = PBXBuildFile; fileRef = DAAF38252C650B00008F33F1 /* UIColor+Extensions.swift */; };
		DAAF382B2C660A14008F33F1 /* SnapKit-Dynamic in Frameworks */ = {isa = PBXBuildFile; productRef = DAAF382A2C660A14008F33F1 /* SnapKit-Dynamic */; };
		DAAF382C2C660B26008F33F1 /* SnapKit-Dynamic in Embed Frameworks */ = {isa = PBXBuildFile; productRef = DAAF382A2C660A14008F33F1 /* SnapKit-Dynamic */; settings = {ATTRIBUTES = (CodeSignOnCopy, ); }; };
		DAAF38302C678063008F33F1 /* FlightsManager.swift in Sources */ = {isa = PBXBuildFile; fileRef = DAAF382F2C678063008F33F1 /* FlightsManager.swift */; };
		DAAF38332C6E594A008F33F1 /* DetailsViewController.swift in Sources */ = {isa = PBXBuildFile; fileRef = DAAF38322C6E594A008F33F1 /* DetailsViewController.swift */; };
/* End PBXBuildFile section */

/* Begin PBXCopyFilesBuildPhase section */
		DAAF382D2C660B26008F33F1 /* Embed Frameworks */ = {
			isa = PBXCopyFilesBuildPhase;
			buildActionMask = 2147483647;
			dstPath = "";
			dstSubfolderSpec = 10;
			files = (
				DAAF382C2C660B26008F33F1 /* SnapKit-Dynamic in Embed Frameworks */,
			);
			name = "Embed Frameworks";
			runOnlyForDeploymentPostprocessing = 0;
		};
/* End PBXCopyFilesBuildPhase section */

/* Begin PBXFileReference section */
		DAAF38052C64E7BE008F33F1 /* AeroDiary.app */ = {isa = PBXFileReference; explicitFileType = wrapper.application; includeInIndex = 0; path = AeroDiary.app; sourceTree = BUILT_PRODUCTS_DIR; };
		DAAF38082C64E7BE008F33F1 /* AppDelegate.swift */ = {isa = PBXFileReference; lastKnownFileType = sourcecode.swift; path = AppDelegate.swift; sourceTree = "<group>"; };
		DAAF380A2C64E7BE008F33F1 /* SceneDelegate.swift */ = {isa = PBXFileReference; lastKnownFileType = sourcecode.swift; path = SceneDelegate.swift; sourceTree = "<group>"; };
		DAAF380C2C64E7BE008F33F1 /* HomeViewController.swift */ = {isa = PBXFileReference; lastKnownFileType = sourcecode.swift; path = HomeViewController.swift; sourceTree = "<group>"; };
		DAAF38112C64E7BF008F33F1 /* Assets.xcassets */ = {isa = PBXFileReference; lastKnownFileType = folder.assetcatalog; path = Assets.xcassets; sourceTree = "<group>"; };
		DAAF38142C64E7BF008F33F1 /* Base */ = {isa = PBXFileReference; lastKnownFileType = file.storyboard; name = Base; path = Base.lproj/LaunchScreen.storyboard; sourceTree = "<group>"; };
		DAAF38162C64E7BF008F33F1 /* Info.plist */ = {isa = PBXFileReference; lastKnownFileType = text.plist.xml; path = Info.plist; sourceTree = "<group>"; };
		DAAF381C2C64FA91008F33F1 /* MainTabBarController.swift */ = {isa = PBXFileReference; lastKnownFileType = sourcecode.swift; path = MainTabBarController.swift; sourceTree = "<group>"; };
		DAAF381E2C64FC1E008F33F1 /* AddFlightViewController.swift */ = {isa = PBXFileReference; lastKnownFileType = sourcecode.swift; path = AddFlightViewController.swift; sourceTree = "<group>"; };
		DAAF38202C64FCA6008F33F1 /* HistoryViewController.swift */ = {isa = PBXFileReference; lastKnownFileType = sourcecode.swift; path = HistoryViewController.swift; sourceTree = "<group>"; };
		DAAF38252C650B00008F33F1 /* UIColor+Extensions.swift */ = {isa = PBXFileReference; lastKnownFileType = sourcecode.swift; path = "UIColor+Extensions.swift"; sourceTree = "<group>"; };
		DAAF382F2C678063008F33F1 /* FlightsManager.swift */ = {isa = PBXFileReference; lastKnownFileType = sourcecode.swift; path = FlightsManager.swift; sourceTree = "<group>"; };
		DAAF38322C6E594A008F33F1 /* DetailsViewController.swift */ = {isa = PBXFileReference; lastKnownFileType = sourcecode.swift; path = DetailsViewController.swift; sourceTree = "<group>"; };
/* End PBXFileReference section */

/* Begin PBXFrameworksBuildPhase section */
		DAAF38022C64E7BE008F33F1 /* Frameworks */ = {
			isa = PBXFrameworksBuildPhase;
			buildActionMask = 2147483647;
			files = (
				DAAF382B2C660A14008F33F1 /* SnapKit-Dynamic in Frameworks */,
			);
			runOnlyForDeploymentPostprocessing = 0;
		};
/* End PBXFrameworksBuildPhase section */

/* Begin PBXGroup section */
		DAAF37FC2C64E7BE008F33F1 = {
			isa = PBXGroup;
			children = (
				DAAF38072C64E7BE008F33F1 /* AeroDiary */,
				DAAF38062C64E7BE008F33F1 /* Products */,
			);
			sourceTree = "<group>";
		};
		DAAF38062C64E7BE008F33F1 /* Products */ = {
			isa = PBXGroup;
			children = (
				DAAF38052C64E7BE008F33F1 /* AeroDiary.app */,
			);
			name = Products;
			sourceTree = "<group>";
		};
		DAAF38072C64E7BE008F33F1 /* AeroDiary */ = {
			isa = PBXGroup;
			children = (
				DAAF38082C64E7BE008F33F1 /* AppDelegate.swift */,
				DAAF380A2C64E7BE008F33F1 /* SceneDelegate.swift */,
				DAAF38232C6502CD008F33F1 /* Controllers */,
				DAAF382E2C678034008F33F1 /* Managers */,
				DAAF38242C650A58008F33F1 /* Extensions */,
				DAAF38222C650298008F33F1 /* Resources */,
				DAAF38162C64E7BF008F33F1 /* Info.plist */,
			);
			path = AeroDiary;
			sourceTree = "<group>";
		};
		DAAF38222C650298008F33F1 /* Resources */ = {
			isa = PBXGroup;
			children = (
				DAAF38112C64E7BF008F33F1 /* Assets.xcassets */,
				DAAF38132C64E7BF008F33F1 /* LaunchScreen.storyboard */,
			);
			path = Resources;
			sourceTree = "<group>";
		};
		DAAF38232C6502CD008F33F1 /* Controllers */ = {
			isa = PBXGroup;
			children = (
				DAAF381C2C64FA91008F33F1 /* MainTabBarController.swift */,
				DAAF380C2C64E7BE008F33F1 /* HomeViewController.swift */,
				DAAF381E2C64FC1E008F33F1 /* AddFlightViewController.swift */,
				DAAF38202C64FCA6008F33F1 /* HistoryViewController.swift */,
				DAAF38322C6E594A008F33F1 /* DetailsViewController.swift */,
			);
			path = Controllers;
			sourceTree = "<group>";
		};
		DAAF38242C650A58008F33F1 /* Extensions */ = {
			isa = PBXGroup;
			children = (
				DAAF38252C650B00008F33F1 /* UIColor+Extensions.swift */,
			);
			path = Extensions;
			sourceTree = "<group>";
		};
		DAAF382E2C678034008F33F1 /* Managers */ = {
			isa = PBXGroup;
			children = (
				DAAF382F2C678063008F33F1 /* FlightsManager.swift */,
			);
			path = Managers;
			sourceTree = "<group>";
		};
/* End PBXGroup section */

/* Begin PBXNativeTarget section */
		DAAF38042C64E7BE008F33F1 /* AeroDiary */ = {
			isa = PBXNativeTarget;
			buildConfigurationList = DAAF38192C64E7BF008F33F1 /* Build configuration list for PBXNativeTarget "AeroDiary" */;
			buildPhases = (
				DAAF38012C64E7BE008F33F1 /* Sources */,
				DAAF38022C64E7BE008F33F1 /* Frameworks */,
				DAAF38032C64E7BE008F33F1 /* Resources */,
				DAAF382D2C660B26008F33F1 /* Embed Frameworks */,
			);
			buildRules = (
			);
			dependencies = (
			);
			name = AeroDiary;
			packageProductDependencies = (
				DAAF382A2C660A14008F33F1 /* SnapKit-Dynamic */,
			);
			productName = AeroDiary;
			productReference = DAAF38052C64E7BE008F33F1 /* AeroDiary.app */;
			productType = "com.apple.product-type.application";
		};
/* End PBXNativeTarget section */

/* Begin PBXProject section */
		DAAF37FD2C64E7BE008F33F1 /* Project object */ = {
			isa = PBXProject;
			attributes = {
				BuildIndependentTargetsInParallel = 1;
				LastSwiftUpdateCheck = 1540;
				LastUpgradeCheck = 1540;
				TargetAttributes = {
					DAAF38042C64E7BE008F33F1 = {
						CreatedOnToolsVersion = 15.4;
					};
				};
			};
			buildConfigurationList = DAAF38002C64E7BE008F33F1 /* Build configuration list for PBXProject "AeroDiary" */;
			compatibilityVersion = "Xcode 14.0";
			developmentRegion = en;
			hasScannedForEncodings = 0;
			knownRegions = (
				en,
				Base,
			);
			mainGroup = DAAF37FC2C64E7BE008F33F1;
			packageReferences = (
				DAAF38272C660A14008F33F1 /* XCRemoteSwiftPackageReference "SnapKit" */,
			);
			productRefGroup = DAAF38062C64E7BE008F33F1 /* Products */;
			projectDirPath = "";
			projectRoot = "";
			targets = (
				DAAF38042C64E7BE008F33F1 /* AeroDiary */,
			);
		};
/* End PBXProject section */

/* Begin PBXResourcesBuildPhase section */
		DAAF38032C64E7BE008F33F1 /* Resources */ = {
			isa = PBXResourcesBuildPhase;
			buildActionMask = 2147483647;
			files = (
				DAAF38122C64E7BF008F33F1 /* Assets.xcassets in Resources */,
				DAAF38152C64E7BF008F33F1 /* Base in Resources */,
			);
			runOnlyForDeploymentPostprocessing = 0;
		};
/* End PBXResourcesBuildPhase section */

/* Begin PBXSourcesBuildPhase section */
		DAAF38012C64E7BE008F33F1 /* Sources */ = {
			isa = PBXSourcesBuildPhase;
			buildActionMask = 2147483647;
			files = (
				DAAF380D2C64E7BE008F33F1 /* HomeViewController.swift in Sources */,
				DAAF38092C64E7BE008F33F1 /* AppDelegate.swift in Sources */,
				DAAF38332C6E594A008F33F1 /* DetailsViewController.swift in Sources */,
				DAAF381D2C64FA91008F33F1 /* MainTabBarController.swift in Sources */,
				DAAF38302C678063008F33F1 /* FlightsManager.swift in Sources */,
				DAAF38212C64FCA6008F33F1 /* HistoryViewController.swift in Sources */,
				DAAF38262C650B00008F33F1 /* UIColor+Extensions.swift in Sources */,
				DAAF380B2C64E7BE008F33F1 /* SceneDelegate.swift in Sources */,
				DAAF381F2C64FC1E008F33F1 /* AddFlightViewController.swift in Sources */,
			);
			runOnlyForDeploymentPostprocessing = 0;
		};
/* End PBXSourcesBuildPhase section */

/* Begin PBXVariantGroup section */
		DAAF38132C64E7BF008F33F1 /* LaunchScreen.storyboard */ = {
			isa = PBXVariantGroup;
			children = (
				DAAF38142C64E7BF008F33F1 /* Base */,
			);
			name = LaunchScreen.storyboard;
			sourceTree = "<group>";
		};
/* End PBXVariantGroup section */

/* Begin XCBuildConfiguration section */
		DAAF38172C64E7BF008F33F1 /* Debug */ = {
			isa = XCBuildConfiguration;
			buildSettings = {
				ALWAYS_SEARCH_USER_PATHS = NO;
				ASSETCATALOG_COMPILER_GENERATE_SWIFT_ASSET_SYMBOL_EXTENSIONS = YES;
				CLANG_ANALYZER_NONNULL = YES;
				CLANG_ANALYZER_NUMBER_OBJECT_CONVERSION = YES_AGGRESSIVE;
				CLANG_CXX_LANGUAGE_STANDARD = "gnu++20";
				CLANG_ENABLE_MODULES = YES;
				CLANG_ENABLE_OBJC_ARC = YES;
				CLANG_ENABLE_OBJC_WEAK = YES;
				CLANG_WARN_BLOCK_CAPTURE_AUTORELEASING = YES;
				CLANG_WARN_BOOL_CONVERSION = YES;
				CLANG_WARN_COMMA = YES;
				CLANG_WARN_CONSTANT_CONVERSION = YES;
				CLANG_WARN_DEPRECATED_OBJC_IMPLEMENTATIONS = YES;
				CLANG_WARN_DIRECT_OBJC_ISA_USAGE = YES_ERROR;
				CLANG_WARN_DOCUMENTATION_COMMENTS = YES;
				CLANG_WARN_EMPTY_BODY = YES;
				CLANG_WARN_ENUM_CONVERSION = YES;
				CLANG_WARN_INFINITE_RECURSION = YES;
				CLANG_WARN_INT_CONVERSION = YES;
				CLANG_WARN_NON_LITERAL_NULL_CONVERSION = YES;
				CLANG_WARN_OBJC_IMPLICIT_RETAIN_SELF = YES;
				CLANG_WARN_OBJC_LITERAL_CONVERSION = YES;
				CLANG_WARN_OBJC_ROOT_CLASS = YES_ERROR;
				CLANG_WARN_QUOTED_INCLUDE_IN_FRAMEWORK_HEADER = YES;
				CLANG_WARN_RANGE_LOOP_ANALYSIS = YES;
				CLANG_WARN_STRICT_PROTOTYPES = YES;
				CLANG_WARN_SUSPICIOUS_MOVE = YES;
				CLANG_WARN_UNGUARDED_AVAILABILITY = YES_AGGRESSIVE;
				CLANG_WARN_UNREACHABLE_CODE = YES;
				CLANG_WARN__DUPLICATE_METHOD_MATCH = YES;
				COPY_PHASE_STRIP = NO;
				DEBUG_INFORMATION_FORMAT = dwarf;
				ENABLE_STRICT_OBJC_MSGSEND = YES;
				ENABLE_TESTABILITY = YES;
				ENABLE_USER_SCRIPT_SANDBOXING = YES;
				GCC_C_LANGUAGE_STANDARD = gnu17;
				GCC_DYNAMIC_NO_PIC = NO;
				GCC_NO_COMMON_BLOCKS = YES;
				GCC_OPTIMIZATION_LEVEL = 0;
				GCC_PREPROCESSOR_DEFINITIONS = (
					"DEBUG=1",
					"$(inherited)",
				);
				GCC_WARN_64_TO_32_BIT_CONVERSION = YES;
				GCC_WARN_ABOUT_RETURN_TYPE = YES_ERROR;
				GCC_WARN_UNDECLARED_SELECTOR = YES;
				GCC_WARN_UNINITIALIZED_AUTOS = YES_AGGRESSIVE;
				GCC_WARN_UNUSED_FUNCTION = YES;
				GCC_WARN_UNUSED_VARIABLE = YES;
				IPHONEOS_DEPLOYMENT_TARGET = 17.5;
				LOCALIZATION_PREFERS_STRING_CATALOGS = YES;
				MTL_ENABLE_DEBUG_INFO = INCLUDE_SOURCE;
				MTL_FAST_MATH = YES;
				ONLY_ACTIVE_ARCH = YES;
				SDKROOT = iphoneos;
				SWIFT_ACTIVE_COMPILATION_CONDITIONS = "DEBUG $(inherited)";
				SWIFT_OPTIMIZATION_LEVEL = "-Onone";
			};
			name = Debug;
		};
		DAAF38182C64E7BF008F33F1 /* Release */ = {
			isa = XCBuildConfiguration;
			buildSettings = {
				ALWAYS_SEARCH_USER_PATHS = NO;
				ASSETCATALOG_COMPILER_GENERATE_SWIFT_ASSET_SYMBOL_EXTENSIONS = YES;
				CLANG_ANALYZER_NONNULL = YES;
				CLANG_ANALYZER_NUMBER_OBJECT_CONVERSION = YES_AGGRESSIVE;
				CLANG_CXX_LANGUAGE_STANDARD = "gnu++20";
				CLANG_ENABLE_MODULES = YES;
				CLANG_ENABLE_OBJC_ARC = YES;
				CLANG_ENABLE_OBJC_WEAK = YES;
				CLANG_WARN_BLOCK_CAPTURE_AUTORELEASING = YES;
				CLANG_WARN_BOOL_CONVERSION = YES;
				CLANG_WARN_COMMA = YES;
				CLANG_WARN_CONSTANT_CONVERSION = YES;
				CLANG_WARN_DEPRECATED_OBJC_IMPLEMENTATIONS = YES;
				CLANG_WARN_DIRECT_OBJC_ISA_USAGE = YES_ERROR;
				CLANG_WARN_DOCUMENTATION_COMMENTS = YES;
				CLANG_WARN_EMPTY_BODY = YES;
				CLANG_WARN_ENUM_CONVERSION = YES;
				CLANG_WARN_INFINITE_RECURSION = YES;
				CLANG_WARN_INT_CONVERSION = YES;
				CLANG_WARN_NON_LITERAL_NULL_CONVERSION = YES;
				CLANG_WARN_OBJC_IMPLICIT_RETAIN_SELF = YES;
				CLANG_WARN_OBJC_LITERAL_CONVERSION = YES;
				CLANG_WARN_OBJC_ROOT_CLASS = YES_ERROR;
				CLANG_WARN_QUOTED_INCLUDE_IN_FRAMEWORK_HEADER = YES;
				CLANG_WARN_RANGE_LOOP_ANALYSIS = YES;
				CLANG_WARN_STRICT_PROTOTYPES = YES;
				CLANG_WARN_SUSPICIOUS_MOVE = YES;
				CLANG_WARN_UNGUARDED_AVAILABILITY = YES_AGGRESSIVE;
				CLANG_WARN_UNREACHABLE_CODE = YES;
				CLANG_WARN__DUPLICATE_METHOD_MATCH = YES;
				COPY_PHASE_STRIP = NO;
				DEBUG_INFORMATION_FORMAT = "dwarf-with-dsym";
				ENABLE_NS_ASSERTIONS = NO;
				ENABLE_STRICT_OBJC_MSGSEND = YES;
				ENABLE_USER_SCRIPT_SANDBOXING = YES;
				GCC_C_LANGUAGE_STANDARD = gnu17;
				GCC_NO_COMMON_BLOCKS = YES;
				GCC_WARN_64_TO_32_BIT_CONVERSION = YES;
				GCC_WARN_ABOUT_RETURN_TYPE = YES_ERROR;
				GCC_WARN_UNDECLARED_SELECTOR = YES;
				GCC_WARN_UNINITIALIZED_AUTOS = YES_AGGRESSIVE;
				GCC_WARN_UNUSED_FUNCTION = YES;
				GCC_WARN_UNUSED_VARIABLE = YES;
				IPHONEOS_DEPLOYMENT_TARGET = 17.5;
				LOCALIZATION_PREFERS_STRING_CATALOGS = YES;
				MTL_ENABLE_DEBUG_INFO = NO;
				MTL_FAST_MATH = YES;
				SDKROOT = iphoneos;
				SWIFT_COMPILATION_MODE = wholemodule;
				VALIDATE_PRODUCT = YES;
			};
			name = Release;
		};
		DAAF381A2C64E7BF008F33F1 /* Debug */ = {
			isa = XCBuildConfiguration;
			buildSettings = {
				ASSETCATALOG_COMPILER_APPICON_NAME = AppIcon;
				ASSETCATALOG_COMPILER_GLOBAL_ACCENT_COLOR_NAME = AccentColor;
				CODE_SIGN_STYLE = Automatic;
				CURRENT_PROJECT_VERSION = 1;
				DEVELOPMENT_TEAM = 9PUAYTQL85;
				GENERATE_INFOPLIST_FILE = YES;
				INFOPLIST_FILE = AeroDiary/Info.plist;
				INFOPLIST_KEY_UIApplicationSupportsIndirectInputEvents = YES;
				INFOPLIST_KEY_UILaunchStoryboardName = LaunchScreen;
				INFOPLIST_KEY_UISupportedInterfaceOrientations = UIInterfaceOrientationPortrait;
				LD_RUNPATH_SEARCH_PATHS = (
					"$(inherited)",
					"@executable_path/Frameworks",
				);
				MARKETING_VERSION = 1.0;
				PRODUCT_BUNDLE_IDENTIFIER = com.kotrutsa.AeroDiary;
				PRODUCT_NAME = "$(TARGET_NAME)";
				SWIFT_EMIT_LOC_STRINGS = YES;
				SWIFT_VERSION = 5.0;
				TARGETED_DEVICE_FAMILY = "1,2";
			};
			name = Debug;
		};
		DAAF381B2C64E7BF008F33F1 /* Release */ = {
			isa = XCBuildConfiguration;
			buildSettings = {
				ASSETCATALOG_COMPILER_APPICON_NAME = AppIcon;
				ASSETCATALOG_COMPILER_GLOBAL_ACCENT_COLOR_NAME = AccentColor;
				CODE_SIGN_STYLE = Automatic;
				CURRENT_PROJECT_VERSION = 1;
				DEVELOPMENT_TEAM = 9PUAYTQL85;
				GENERATE_INFOPLIST_FILE = YES;
				INFOPLIST_FILE = AeroDiary/Info.plist;
				INFOPLIST_KEY_UIApplicationSupportsIndirectInputEvents = YES;
				INFOPLIST_KEY_UILaunchStoryboardName = LaunchScreen;
				INFOPLIST_KEY_UISupportedInterfaceOrientations = UIInterfaceOrientationPortrait;
				LD_RUNPATH_SEARCH_PATHS = (
					"$(inherited)",
					"@executable_path/Frameworks",
				);
				MARKETING_VERSION = 1.0;
				PRODUCT_BUNDLE_IDENTIFIER = com.kotrutsa.AeroDiary;
				PRODUCT_NAME = "$(TARGET_NAME)";
				SWIFT_EMIT_LOC_STRINGS = YES;
				SWIFT_VERSION = 5.0;
				TARGETED_DEVICE_FAMILY = "1,2";
			};
			name = Release;
		};
/* End XCBuildConfiguration section */

/* Begin XCConfigurationList section */
		DAAF38002C64E7BE008F33F1 /* Build configuration list for PBXProject "AeroDiary" */ = {
			isa = XCConfigurationList;
			buildConfigurations = (
				DAAF38172C64E7BF008F33F1 /* Debug */,
				DAAF38182C64E7BF008F33F1 /* Release */,
			);
			defaultConfigurationIsVisible = 0;
			defaultConfigurationName = Release;
		};
		DAAF38192C64E7BF008F33F1 /* Build configuration list for PBXNativeTarget "AeroDiary" */ = {
			isa = XCConfigurationList;
			buildConfigurations = (
				DAAF381A2C64E7BF008F33F1 /* Debug */,
				DAAF381B2C64E7BF008F33F1 /* Release */,
			);
			defaultConfigurationIsVisible = 0;
			defaultConfigurationName = Release;
		};
/* End XCConfigurationList section */

/* Begin XCRemoteSwiftPackageReference section */
		DAAF38272C660A14008F33F1 /* XCRemoteSwiftPackageReference "SnapKit" */ = {
			isa = XCRemoteSwiftPackageReference;
			repositoryURL = "https://github.com/SnapKit/SnapKit";
			requirement = {
				kind = upToNextMajorVersion;
				minimumVersion = 5.7.1;
			};
		};
/* End XCRemoteSwiftPackageReference section */

/* Begin XCSwiftPackageProductDependency section */
		DAAF382A2C660A14008F33F1 /* SnapKit-Dynamic */ = {
			isa = XCSwiftPackageProductDependency;
			package = DAAF38272C660A14008F33F1 /* XCRemoteSwiftPackageReference "SnapKit" */;
			productName = "SnapKit-Dynamic";
		};
/* End XCSwiftPackageProductDependency section */
	};
	rootObject = DAAF37FD2C64E7BE008F33F1 /* Project object */;
}
